{
	"name": "uniCloud-admin",
	"version": "1.5.7",
	"lockfileVersion": 2,
	"requires": true,
	"packages": {
		"": {
			"version": "1.5.7",
			"license": "MIT",
			"dependencies": {
				"vue-uuid": "^2.0.2"
			},
			"engines": {
				"HBuilderX": "^3.1.1"
			}
		},
		"node_modules/@types/uuid": {
			"version": "8.3.1",
			"resolved": "https://registry.npmjs.org/@types/uuid/-/uuid-8.3.1.tgz",
			"integrity": "sha512-Y2mHTRAbqfFkpjldbkHGY8JIzRN6XqYRliG8/24FcHm2D2PwW24fl5xMRTVGdrb7iMrwCaIEbLWerGIkXuFWVg=="
		},
		"node_modules/uuid": {
			"version": "8.3.2",
			"resolved": "https://registry.npmjs.org/uuid/-/uuid-8.3.2.tgz",
			"integrity": "sha512-+NYs2QeMWy+GWFOEm9xnn6HCDp0l7QBD7ml8zLUmJ+93Q5NF0NocErnwkTkXVFNiX3/fpC6afS8Dhb/gz7R7eg==",
			"bin": {
				"uuid": "dist/bin/uuid"
			}
		},
		"node_modules/vue-uuid": {
			"version": "2.0.2",
			"resolved": "https://registry.npmjs.org/vue-uuid/-/vue-uuid-2.0.2.tgz",
			"integrity": "sha512-PRf1CHg3uKi77bVRyAuW2u/T2PO9LxMr7cw9t9rNdpZTkNDyw1Fx6eJVL+8JOtM9VxxPkoZ/rwhXJ5l+X5AYzQ==",
			"dependencies": {
				"@types/uuid": "^8.0.0",
				"uuid": "^8.1.0"
			}
		}
	},
	"dependencies": {
		"@types/uuid": {
			"version": "8.3.1",
			"resolved": "https://registry.npmjs.org/@types/uuid/-/uuid-8.3.1.tgz",
			"integrity": "sha512-Y2mHTRAbqfFkpjldbkHGY8JIzRN6XqYRliG8/24FcHm2D2PwW24fl5xMRTVGdrb7iMrwCaIEbLWerGIkXuFWVg=="
		},
		"uuid": {
			"version": "8.3.2",
			"resolved": "https://registry.npmjs.org/uuid/-/uuid-8.3.2.tgz",
			"integrity": "sha512-+NYs2QeMWy+GWFOEm9xnn6HCDp0l7QBD7ml8zLUmJ+93Q5NF0NocErnwkTkXVFNiX3/fpC6afS8Dhb/gz7R7eg=="
		},
		"vue-uuid": {
			"version": "2.0.2",
			"resolved": "https://registry.npmjs.org/vue-uuid/-/vue-uuid-2.0.2.tgz",
			"integrity": "sha512-PRf1CHg3uKi77bVRyAuW2u/T2PO9LxMr7cw9t9rNdpZTkNDyw1Fx6eJVL+8JOtM9VxxPkoZ/rwhXJ5l+X5AYzQ==",
			"requires": {
				"@types/uuid": "^8.0.0",
				"uuid": "^8.1.0"
			}
		}
	}
}
